Microsoft Visual Studio Solution File, Format Version 12.00
# Visual Studio Version 18
VisualStudioVersion = 18.3.11505.172 d18.3
MinimumVisualStudioVersion = 10.0.40219.1
Project("{FAE04EC0-301F-11D3-BF4B-00C04F79EFBC}") = "BlockTagger", "Structure\BlockTagger\BlockTagger.csproj", "{C31D6B2C-4E3E-4B18-A408-5478F2B82834}"
EndProject
Project("{FAE04EC0-301F-11D3-BF4B-00C04F79EFBC}") = "BlockTaggerImpl", "Structure\BlockTaggerImpl\BlockTaggerImpl.csproj", "{1D7797BF-228B-4B3E-A1FA-9FB159E6CBDD}"
EndProject
Project("{FAE04EC0-301F-11D3-BF4B-00C04F79EFBC}") = "StructureVisualizer", "Structure\StructureVisualizer\StructureVisualizer.csproj", "{38B9DE75-1DC7-4874-BFC7-7C6782E208F7}"
EndProject
Project("{2150E333-8FDC-42A3-9474-1A3956D46DE8}") = "Structure Visualizer", "Structure Visualizer", "{07322017-A09B-4948-8F0D-D8F359114AA3}"
EndProject
Global
	GlobalSection(SolutionConfigurationPlatforms) = preSolution
		Debug|Any CPU = Debug|Any CPU
		Release|Any CPU = Release|Any CPU
	EndGlobalSection
	GlobalSection(ProjectConfigurationPlatforms) = postSolution
		{C31D6B2C-4E3E-4B18-A408-5478F2B82834}.Debug|Any CPU.ActiveCfg = Debug|Any CPU
		{C31D6B2C-4E3E-4B18-A408-5478F2B82834}.Debug|Any CPU.Build.0 = Debug|Any CPU
		{C31D6B2C-4E3E-4B18-A408-5478F2B82834}.Release|Any CPU.ActiveCfg = Release|Any CPU
		{C31D6B2C-4E3E-4B18-A408-5478F2B82834}.Release|Any CPU.Build.0 = Release|Any CPU
		{1D7797BF-228B-4B3E-A1FA-9FB159E6CBDD}.Debug|Any CPU.ActiveCfg = Debug|Any CPU
		{1D7797BF-228B-4B3E-A1FA-9FB159E6CBDD}.Debug|Any CPU.Build.0 = Debug|Any CPU
		{1D7797BF-228B-4B3E-A1FA-9FB159E6CBDD}.Release|Any CPU.ActiveCfg = Release|Any CPU
		{1D7797BF-228B-4B3E-A1FA-9FB159E6CBDD}.Release|Any CPU.Build.0 = Release|Any CPU
		{38B9DE75-1DC7-4874-BFC7-7C6782E208F7}.Debug|Any CPU.ActiveCfg = Debug|Any CPU
		{38B9DE75-1DC7-4874-BFC7-7C6782E208F7}.Debug|Any CPU.Build.0 = Debug|Any CPU
		{38B9DE75-1DC7-4874-BFC7-7C6782E208F7}.Release|Any CPU.ActiveCfg = Release|Any CPU
		{38B9DE75-1DC7-4874-BFC7-7C6782E208F7}.Release|Any CPU.Build.0 = Release|Any CPU
	EndGlobalSection
	GlobalSection(SolutionProperties) = preSolution
		HideSolutionNode = FALSE
	EndGlobalSection
	GlobalSection(NestedProjects) = preSolution
		{C31D6B2C-4E3E-4B18-A408-5478F2B82834} = {07322017-A09B-4948-8F0D-D8F359114AA3}
		{1D7797BF-228B-4B3E-A1FA-9FB159E6CBDD} = {07322017-A09B-4948-8F0D-D8F359114AA3}
		{38B9DE75-1DC7-4874-BFC7-7C6782E208F7} = {07322017-A09B-4948-8F0D-D8F359114AA3}
	EndGlobalSection
EndGlobal
